// !$*UTF8*$!
{
	archiveVersion = 1;
	classes = {
	};
	objectVersion = 55;
	objects = {

/* Begin PBXBuildFile section */
		6647D8997C809A41A6BD2898 /* Pods_MockApp_SwipeTodo_CategoryTodo.framework in Frameworks */ = {isa = PBXBuildFile; fileRef = 2D8CA18BF2B8F1F400474C9A /* Pods_MockApp_SwipeTodo_CategoryTodo.framework */; };
		955F076D280BDEFB00C4B538 /* PictureCollectionViewCell.swift in Sources */ = {isa = PBXBuildFile; fileRef = 955F076B280BDEFB00C4B538 /* PictureCollectionViewCell.swift */; };
		955F076E280BDEFB00C4B538 /* PictureCollectionViewCell.xib in Resources */ = {isa = PBXBuildFile; fileRef = 955F076C280BDEFB00C4B538 /* PictureCollectionViewCell.xib */; };
		958B57BF280552A400624DD1 /* AddTodoCategoryNameViewController.swift in Sources */ = {isa = PBXBuildFile; fileRef = 958B57BE280552A400624DD1 /* AddTodoCategoryNameViewController.swift */; };
		95BB62EC280541A4009170CE /* AppDelegate.swift in Sources */ = {isa = PBXBuildFile; fileRef = 95BB62EB280541A4009170CE /* AppDelegate.swift */; };
		95BB62EE280541A4009170CE /* SceneDelegate.swift in Sources */ = {isa = PBXBuildFile; fileRef = 95BB62ED280541A4009170CE /* SceneDelegate.swift */; };
		95BB62F0280541A4009170CE /* CategoryViewController.swift in Sources */ = {isa = PBXBuildFile; fileRef = 95BB62EF280541A4009170CE /* CategoryViewController.swift */; };
		95BB62F3280541A4009170CE /* Main.storyboard in Resources */ = {isa = PBXBuildFile; fileRef = 95BB62F1280541A4009170CE /* Main.storyboard */; };
		95BB62F5280541A5009170CE /* Assets.xcassets in Resources */ = {isa = PBXBuildFile; fileRef = 95BB62F4280541A5009170CE /* Assets.xcassets */; };
		95BB62F8280541A5009170CE /* LaunchScreen.storyboard in Resources */ = {isa = PBXBuildFile; fileRef = 95BB62F6280541A5009170CE /* LaunchScreen.storyboard */; };
		95BB630328054258009170CE /* CategoryTodoTableViewCell.swift in Sources */ = {isa = PBXBuildFile; fileRef = 95BB630128054258009170CE /* CategoryTodoTableViewCell.swift */; };
		95BB630428054258009170CE /* CategoryTodoTableViewCell.xib in Resources */ = {isa = PBXBuildFile; fileRef = 95BB630228054258009170CE /* CategoryTodoTableViewCell.xib */; };
		95DE8E332807FF1B0082E2C7 /* CheckPermission.swift in Sources */ = {isa = PBXBuildFile; fileRef = 95DE8E322807FF1B0082E2C7 /* CheckPermission.swift */; };
		95DE8E35280836F90082E2C7 /* CategoryInfo.swift in Sources */ = {isa = PBXBuildFile; fileRef = 95DE8E34280836F90082E2C7 /* CategoryInfo.swift */; };
		95DE8E382809379C0082E2C7 /* SwipeCardViewController.swift in Sources */ = {isa = PBXBuildFile; fileRef = 95DE8E372809379C0082E2C7 /* SwipeCardViewController.swift */; };
		95DE8E3B280939070082E2C7 /* CardViewCell.swift in Sources */ = {isa = PBXBuildFile; fileRef = 95DE8E39280939070082E2C7 /* CardViewCell.swift */; };
		95DE8E3C280939070082E2C7 /* CardViewCell.xib in Resources */ = {isa = PBXBuildFile; fileRef = 95DE8E3A280939070082E2C7 /* CardViewCell.xib */; };
		95DE8E3E28093AB10082E2C7 /* CardInfo.swift in Sources */ = {isa = PBXBuildFile; fileRef = 95DE8E3D28093AB10082E2C7 /* CardInfo.swift */; };
/* End PBXBuildFile section */

/* Begin PBXFileReference section */
		2D8CA18BF2B8F1F400474C9A /* Pods_MockApp_SwipeTodo_CategoryTodo.framework */ = {isa = PBXFileReference; explicitFileType = wrapper.framework; includeInIndex = 0; path = Pods_MockApp_SwipeTodo_CategoryTodo.framework; sourceTree = BUILT_PRODUCTS_DIR; };
		955F076B280BDEFB00C4B538 /* PictureCollectionViewCell.swift */ = {isa = PBXFileReference; lastKnownFileType = sourcecode.swift; path = PictureCollectionViewCell.swift; sourceTree = "<group>"; };
		955F076C280BDEFB00C4B538 /* PictureCollectionViewCell.xib */ = {isa = PBXFileReference; lastKnownFileType = file.xib; path = PictureCollectionViewCell.xib; sourceTree = "<group>"; };
		958B57BE280552A400624DD1 /* AddTodoCategoryNameViewController.swift */ = {isa = PBXFileReference; lastKnownFileType = sourcecode.swift; path = AddTodoCategoryNameViewController.swift; sourceTree = "<group>"; };
		95BB62E8280541A4009170CE /* MockApp-SwipeTodo-CategoryTodo.app */ = {isa = PBXFileReference; explicitFileType = wrapper.application; includeInIndex = 0; path = "MockApp-SwipeTodo-CategoryTodo.app"; sourceTree = BUILT_PRODUCTS_DIR; };
		95BB62EB280541A4009170CE /* AppDelegate.swift */ = {isa = PBXFileReference; lastKnownFileType = sourcecode.swift; path = AppDelegate.swift; sourceTree = "<group>"; };
		95BB62ED280541A4009170CE /* SceneDelegate.swift */ = {isa = PBXFileReference; lastKnownFileType = sourcecode.swift; path = SceneDelegate.swift; sourceTree = "<group>"; };
		95BB62EF280541A4009170CE /* CategoryViewController.swift */ = {isa = PBXFileReference; lastKnownFileType = sourcecode.swift; path = CategoryViewController.swift; sourceTree = "<group>"; };
		95BB62F2280541A4009170CE /* Base */ = {isa = PBXFileReference; lastKnownFileType = file.storyboard; name = Base; path = Base.lproj/Main.storyboard; sourceTree = "<group>"; };
		95BB62F4280541A5009170CE /* Assets.xcassets */ = {isa = PBXFileReference; lastKnownFileType = folder.assetcatalog; path = Assets.xcassets; sourceTree = "<group>"; };
		95BB62F7280541A5009170CE /* Base */ = {isa = PBXFileReference; lastKnownFileType = file.storyboard; name = Base; path = Base.lproj/LaunchScreen.storyboard; sourceTree = "<group>"; };
		95BB62F9280541A5009170CE /* Info.plist */ = {isa = PBXFileReference; lastKnownFileType = text.plist.xml; path = Info.plist; sourceTree = "<group>"; };
		95BB630128054258009170CE /* CategoryTodoTableViewCell.swift */ = {isa = PBXFileReference; lastKnownFileType = sourcecode.swift; path = CategoryTodoTableViewCell.swift; sourceTree = "<group>"; };
		95BB630228054258009170CE /* CategoryTodoTableViewCell.xib */ = {isa = PBXFileReference; lastKnownFileType = file.xib; path = CategoryTodoTableViewCell.xib; sourceTree = "<group>"; };
		95DE8E322807FF1B0082E2C7 /* CheckPermission.swift */ = {isa = PBXFileReference; lastKnownFileType = sourcecode.swift; path = CheckPermission.swift; sourceTree = "<group>"; };
		95DE8E34280836F90082E2C7 /* CategoryInfo.swift */ = {isa = PBXFileReference; lastKnownFileType = sourcecode.swift; path = CategoryInfo.swift; sourceTree = "<group>"; };
		95DE8E372809379C0082E2C7 /* SwipeCardViewController.swift */ = {isa = PBXFileReference; lastKnownFileType = sourcecode.swift; path = SwipeCardViewController.swift; sourceTree = "<group>"; };
		95DE8E39280939070082E2C7 /* CardViewCell.swift */ = {isa = PBXFileReference; lastKnownFileType = sourcecode.swift; path = CardViewCell.swift; sourceTree = "<group>"; };
		95DE8E3A280939070082E2C7 /* CardViewCell.xib */ = {isa = PBXFileReference; lastKnownFileType = file.xib; path = CardViewCell.xib; sourceTree = "<group>"; };
		95DE8E3D28093AB10082E2C7 /* CardInfo.swift */ = {isa = PBXFileReference; lastKnownFileType = sourcecode.swift; path = CardInfo.swift; sourceTree = "<group>"; };
		BB9FE228FA9F564CAF7C2FD0 /* Pods-MockApp-SwipeTodo-CategoryTodo.debug.xcconfig */ = {isa = PBXFileReference; includeInIndex = 1; lastKnownFileType = text.xcconfig; name = "Pods-MockApp-SwipeTodo-CategoryTodo.debug.xcconfig"; path = "Target Support Files/Pods-MockApp-SwipeTodo-CategoryTodo/Pods-MockApp-SwipeTodo-CategoryTodo.debug.xcconfig"; sourceTree = "<group>"; };
		C690C5C93353C17B354AE023 /* Pods-MockApp-SwipeTodo-CategoryTodo.release.xcconfig */ = {isa = PBXFileReference; includeInIndex = 1; lastKnownFileType = text.xcconfig; name = "Pods-MockApp-SwipeTodo-CategoryTodo.release.xcconfig"; path = "Target Support Files/Pods-MockApp-SwipeTodo-CategoryTodo/Pods-MockApp-SwipeTodo-CategoryTodo.release.xcconfig"; sourceTree = "<group>"; };
/* End PBXFileReference section */

/* Begin PBXFrameworksBuildPhase section */
		95BB62E5280541A4009170CE /* Frameworks */ = {
			isa = PBXFrameworksBuildPhase;
			buildActionMask = 2147483647;
			files = (
				6647D8997C809A41A6BD2898 /* Pods_MockApp_SwipeTodo_CategoryTodo.framework in Frameworks */,
			);
			runOnlyForDeploymentPostprocessing = 0;
		};
/* End PBXFrameworksBuildPhase section */

/* Begin PBXGroup section */
		647538D8D43B4CB2EAA88E5E /* Frameworks */ = {
			isa = PBXGroup;
			children = (
				2D8CA18BF2B8F1F400474C9A /* Pods_MockApp_SwipeTodo_CategoryTodo.framework */,
			);
			name = Frameworks;
			sourceTree = "<group>";
		};
		95BB62DF280541A4009170CE = {
			isa = PBXGroup;
			children = (
				95BB62EA280541A4009170CE /* MockApp-SwipeTodo-CategoryTodo */,
				95BB62E9280541A4009170CE /* Products */,
				EDE1691B2AD927A70DF4B364 /* Pods */,
				647538D8D43B4CB2EAA88E5E /* Frameworks */,
			);
			sourceTree = "<group>";
		};
		95BB62E9280541A4009170CE /* Products */ = {
			isa = PBXGroup;
			children = (
				95BB62E8280541A4009170CE /* MockApp-SwipeTodo-CategoryTodo.app */,
			);
			name = Products;
			sourceTree = "<group>";
		};
		95BB62EA280541A4009170CE /* MockApp-SwipeTodo-CategoryTodo */ = {
			isa = PBXGroup;
			children = (
				95DE8E312807FE9D0082E2C7 /* Model */,
				95DE8E302807FE920082E2C7 /* View */,
				95DE8E2F2807FE850082E2C7 /* Controller */,
				95BB62EB280541A4009170CE /* AppDelegate.swift */,
				95BB62ED280541A4009170CE /* SceneDelegate.swift */,
				95BB62F9280541A5009170CE /* Info.plist */,
			);
			path = "MockApp-SwipeTodo-CategoryTodo";
			sourceTree = "<group>";
		};
		95DE8E2F2807FE850082E2C7 /* Controller */ = {
			isa = PBXGroup;
			children = (
				958B57BE280552A400624DD1 /* AddTodoCategoryNameViewController.swift */,
				95BB62EF280541A4009170CE /* CategoryViewController.swift */,
				95DE8E372809379C0082E2C7 /* SwipeCardViewController.swift */,
			);
			path = Controller;
			sourceTree = "<group>";
		};
		95DE8E302807FE920082E2C7 /* View */ = {
			isa = PBXGroup;
			children = (
				95BB62F1280541A4009170CE /* Main.storyboard */,
				95BB62F4280541A5009170CE /* Assets.xcassets */,
				95BB62F6280541A5009170CE /* LaunchScreen.storyboard */,
				95BB630128054258009170CE /* CategoryTodoTableViewCell.swift */,
				95BB630228054258009170CE /* CategoryTodoTableViewCell.xib */,
				95DE8E39280939070082E2C7 /* CardViewCell.swift */,
				95DE8E3A280939070082E2C7 /* CardViewCell.xib */,
				955F076B280BDEFB00C4B538 /* PictureCollectionViewCell.swift */,
				955F076C280BDEFB00C4B538 /* PictureCollectionViewCell.xib */,
			);
			path = View;
			sourceTree = "<group>";
		};
		95DE8E312807FE9D0082E2C7 /* Model */ = {
			isa = PBXGroup;
			children = (
				95DE8E322807FF1B0082E2C7 /* CheckPermission.swift */,
				95DE8E34280836F90082E2C7 /* CategoryInfo.swift */,
				95DE8E3D28093AB10082E2C7 /* CardInfo.swift */,
			);
			path = Model;
			sourceTree = "<group>";
		};
		EDE1691B2AD927A70DF4B364 /* Pods */ = {
			isa = PBXGroup;
			children = (
				BB9FE228FA9F564CAF7C2FD0 /* Pods-MockApp-SwipeTodo-CategoryTodo.debug.xcconfig */,
				C690C5C93353C17B354AE023 /* Pods-MockApp-SwipeTodo-CategoryTodo.release.xcconfig */,
			);
			path = Pods;
			sourceTree = "<group>";
		};
/* End PBXGroup section */

/* Begin PBXNativeTarget section */
		95BB62E7280541A4009170CE /* MockApp-SwipeTodo-CategoryTodo */ = {
			isa = PBXNativeTarget;
			buildConfigurationList = 95BB62FC280541A5009170CE /* Build configuration list for PBXNativeTarget "MockApp-SwipeTodo-CategoryTodo" */;
			buildPhases = (
				A565A2B6320AABD4FFA6927D /* [CP] Check Pods Manifest.lock */,
				95BB62E4280541A4009170CE /* Sources */,
				95BB62E5280541A4009170CE /* Frameworks */,
				95BB62E6280541A4009170CE /* Resources */,
				AF594159D83592B1AD0B9D03 /* [CP] Embed Pods Frameworks */,
			);
			buildRules = (
			);
			dependencies = (
			);
			name = "MockApp-SwipeTodo-CategoryTodo";
			productName = "MockApp-SwipeTodo-CategoryTodo";
			productReference = 95BB62E8280541A4009170CE /* MockApp-SwipeTodo-CategoryTodo.app */;
			productType = "com.apple.product-type.application";
		};
/* End PBXNativeTarget section */

/* Begin PBXProject section */
		95BB62E0280541A4009170CE /* Project object */ = {
			isa = PBXProject;
			attributes = {
				BuildIndependentTargetsInParallel = 1;
				LastSwiftUpdateCheck = 1330;
				LastUpgradeCheck = 1330;
				TargetAttributes = {
					95BB62E7280541A4009170CE = {
						CreatedOnToolsVersion = 13.3;
					};
				};
			};
			buildConfigurationList = 95BB62E3280541A4009170CE /* Build configuration list for PBXProject "MockApp-SwipeTodo-CategoryTodo" */;
			compatibilityVersion = "Xcode 13.0";
			developmentRegion = en;
			hasScannedForEncodings = 0;
			knownRegions = (
				en,
				Base,
			);
			mainGroup = 95BB62DF280541A4009170CE;
			productRefGroup = 95BB62E9280541A4009170CE /* Products */;
			projectDirPath = "";
			projectRoot = "";
			targets = (
				95BB62E7280541A4009170CE /* MockApp-SwipeTodo-CategoryTodo */,
			);
		};
/* End PBXProject section */

/* Begin PBXResourcesBuildPhase section */
		95BB62E6280541A4009170CE /* Resources */ = {
			isa = PBXResourcesBuildPhase;
			buildActionMask = 2147483647;
			files = (
				95BB62F8280541A5009170CE /* LaunchScreen.storyboard in Resources */,
				95BB630428054258009170CE /* CategoryTodoTableViewCell.xib in Resources */,
				95BB62F5280541A5009170CE /* Assets.xcassets in Resources */,
				95BB62F3280541A4009170CE /* Main.storyboard in Resources */,
				95DE8E3C280939070082E2C7 /* CardViewCell.xib in Resources */,
				955F076E280BDEFB00C4B538 /* PictureCollectionViewCell.xib in Resources */,
			);
			runOnlyForDeploymentPostprocessing = 0;
		};
/* End PBXResourcesBuildPhase section */

/* Begin PBXShellScriptBuildPhase section */
		A565A2B6320AABD4FFA6927D /* [CP] Check Pods Manifest.lock */ = {
			isa = PBXShellScriptBuildPhase;
			buildActionMask = 2147483647;
			files = (
			);
			inputFileListPaths = (
			);
			inputPaths = (
				"${PODS_PODFILE_DIR_PATH}/Podfile.lock",
				"${PODS_ROOT}/Manifest.lock",
			);
			name = "[CP] Check Pods Manifest.lock";
			outputFileListPaths = (
			);
			outputPaths = (
				"$(DERIVED_FILE_DIR)/Pods-MockApp-SwipeTodo-CategoryTodo-checkManifestLockResult.txt",
			);
			runOnlyForDeploymentPostprocessing = 0;
			shellPath = /bin/sh;
			shellScript = "diff \"${PODS_PODFILE_DIR_PATH}/Podfile.lock\" \"${PODS_ROOT}/Manifest.lock\" > /dev/null\nif [ $? != 0 ] ; then\n    # print error to STDERR\n    echo \"error: The sandbox is not in sync with the Podfile.lock. Run 'pod install' or update your CocoaPods installation.\" >&2\n    exit 1\nfi\n# This output is used by Xcode 'outputs' to avoid re-running this script phase.\necho \"SUCCESS\" > \"${SCRIPT_OUTPUT_FILE_0}\"\n";
			showEnvVarsInLog = 0;
		};
		AF594159D83592B1AD0B9D03 /* [CP] Embed Pods Frameworks */ = {
			isa = PBXShellScriptBuildPhase;
			buildActionMask = 2147483647;
			files = (
			);
			inputFileListPaths = (
				"${PODS_ROOT}/Target Support Files/Pods-MockApp-SwipeTodo-CategoryTodo/Pods-MockApp-SwipeTodo-CategoryTodo-frameworks-${CONFIGURATION}-input-files.xcfilelist",
			);
			name = "[CP] Embed Pods Frameworks";
			outputFileListPaths = (
				"${PODS_ROOT}/Target Support Files/Pods-MockApp-SwipeTodo-CategoryTodo/Pods-MockApp-SwipeTodo-CategoryTodo-frameworks-${CONFIGURATION}-output-files.xcfilelist",
			);
			runOnlyForDeploymentPostprocessing = 0;
			shellPath = /bin/sh;
			shellScript = "\"${PODS_ROOT}/Target Support Files/Pods-MockApp-SwipeTodo-CategoryTodo/Pods-MockApp-SwipeTodo-CategoryTodo-frameworks.sh\"\n";
			showEnvVarsInLog = 0;
		};
/* End PBXShellScriptBuildPhase section */

/* Begin PBXSourcesBuildPhase section */
		95BB62E4280541A4009170CE /* Sources */ = {
			isa = PBXSourcesBuildPhase;
			buildActionMask = 2147483647;
			files = (
				95BB62F0280541A4009170CE /* CategoryViewController.swift in Sources */,
				955F076D280BDEFB00C4B538 /* PictureCollectionViewCell.swift in Sources */,
				95DE8E382809379C0082E2C7 /* SwipeCardViewController.swift in Sources */,
				958B57BF280552A400624DD1 /* AddTodoCategoryNameViewController.swift in Sources */,
				95DE8E3B280939070082E2C7 /* CardViewCell.swift in Sources */,
				95BB630328054258009170CE /* CategoryTodoTableViewCell.swift in Sources */,
				95DE8E3E28093AB10082E2C7 /* CardInfo.swift in Sources */,
				95BB62EC280541A4009170CE /* AppDelegate.swift in Sources */,
				95BB62EE280541A4009170CE /* SceneDelegate.swift in Sources */,
				95DE8E35280836F90082E2C7 /* CategoryInfo.swift in Sources */,
				95DE8E332807FF1B0082E2C7 /* CheckPermission.swift in Sources */,
			);
			runOnlyForDeploymentPostprocessing = 0;
		};
/* End PBXSourcesBuildPhase section */

/* Begin PBXVariantGroup section */
		95BB62F1280541A4009170CE /* Main.storyboard */ = {
			isa = PBXVariantGroup;
			children = (
				95BB62F2280541A4009170CE /* Base */,
			);
			name = Main.storyboard;
			sourceTree = "<group>";
		};
		95BB62F6280541A5009170CE /* LaunchScreen.storyboard */ = {
			isa = PBXVariantGroup;
			children = (
				95BB62F7280541A5009170CE /* Base */,
			);
			name = LaunchScreen.storyboard;
			sourceTree = "<group>";
		};
/* End PBXVariantGroup section */

/* Begin XCBuildConfiguration section */
		95BB62FA280541A5009170CE /* Debug */ = {
			isa = XCBuildConfiguration;
			buildSettings = {
				ALWAYS_SEARCH_USER_PATHS = NO;
				CLANG_ANALYZER_NONNULL = YES;
				CLANG_ANALYZER_NUMBER_OBJECT_CONVERSION = YES_AGGRESSIVE;
				CLANG_CXX_LANGUAGE_STANDARD = "gnu++17";
				CLANG_ENABLE_MODULES = YES;
				CLANG_ENABLE_OBJC_ARC = YES;
				CLANG_ENABLE_OBJC_WEAK = YES;
				CLANG_WARN_BLOCK_CAPTURE_AUTORELEASING = YES;
				CLANG_WARN_BOOL_CONVERSION = YES;
				CLANG_WARN_COMMA = YES;
				CLANG_WARN_CONSTANT_CONVERSION = YES;
				CLANG_WARN_DEPRECATED_OBJC_IMPLEMENTATIONS = YES;
				CLANG_WARN_DIRECT_OBJC_ISA_USAGE = YES_ERROR;
				CLANG_WARN_DOCUMENTATION_COMMENTS = YES;
				CLANG_WARN_EMPTY_BODY = YES;
				CLANG_WARN_ENUM_CONVERSION = YES;
				CLANG_WARN_INFINITE_RECURSION = YES;
				CLANG_WARN_INT_CONVERSION = YES;
				CLANG_WARN_NON_LITERAL_NULL_CONVERSION = YES;
				CLANG_WARN_OBJC_IMPLICIT_RETAIN_SELF = YES;
				CLANG_WARN_OBJC_LITERAL_CONVERSION = YES;
				CLANG_WARN_OBJC_ROOT_CLASS = YES_ERROR;
				CLANG_WARN_QUOTED_INCLUDE_IN_FRAMEWORK_HEADER = YES;
				CLANG_WARN_RANGE_LOOP_ANALYSIS = YES;
				CLANG_WARN_STRICT_PROTOTYPES = YES;
				CLANG_WARN_SUSPICIOUS_MOVE = YES;
				CLANG_WARN_UNGUARDED_AVAILABILITY = YES_AGGRESSIVE;
				CLANG_WARN_UNREACHABLE_CODE = YES;
				CLANG_WARN__DUPLICATE_METHOD_MATCH = YES;
				COPY_PHASE_STRIP = NO;
				DEBUG_INFORMATION_FORMAT = dwarf;
				ENABLE_STRICT_OBJC_MSGSEND = YES;
				ENABLE_TESTABILITY = YES;
				GCC_C_LANGUAGE_STANDARD = gnu11;
				GCC_DYNAMIC_NO_PIC = NO;
				GCC_NO_COMMON_BLOCKS = YES;
				GCC_OPTIMIZATION_LEVEL = 0;
				GCC_PREPROCESSOR_DEFINITIONS = (
					"DEBUG=1",
					"$(inherited)",
				);
				GCC_WARN_64_TO_32_BIT_CONVERSION = YES;
				GCC_WARN_ABOUT_RETURN_TYPE = YES_ERROR;
				GCC_WARN_UNDECLARED_SELECTOR = YES;
				GCC_WARN_UNINITIALIZED_AUTOS = YES_AGGRESSIVE;
				GCC_WARN_UNUSED_FUNCTION = YES;
				GCC_WARN_UNUSED_VARIABLE = YES;
				IPHONEOS_DEPLOYMENT_TARGET = 15.4;
				MTL_ENABLE_DEBUG_INFO = INCLUDE_SOURCE;
				MTL_FAST_MATH = YES;
				ONLY_ACTIVE_ARCH = YES;
				SDKROOT = iphoneos;
				SWIFT_ACTIVE_COMPILATION_CONDITIONS = DEBUG;
				SWIFT_OPTIMIZATION_LEVEL = "-Onone";
			};
			name = Debug;
		};
		95BB62FB280541A5009170CE /* Release */ = {
			isa = XCBuildConfiguration;
			buildSettings = {
				ALWAYS_SEARCH_USER_PATHS = NO;
				CLANG_ANALYZER_NONNULL = YES;
				CLANG_ANALYZER_NUMBER_OBJECT_CONVERSION = YES_AGGRESSIVE;
				CLANG_CXX_LANGUAGE_STANDARD = "gnu++17";
				CLANG_ENABLE_MODULES = YES;
				CLANG_ENABLE_OBJC_ARC = YES;
				CLANG_ENABLE_OBJC_WEAK = YES;
				CLANG_WARN_BLOCK_CAPTURE_AUTORELEASING = YES;
				CLANG_WARN_BOOL_CONVERSION = YES;
				CLANG_WARN_COMMA = YES;
				CLANG_WARN_CONSTANT_CONVERSION = YES;
				CLANG_WARN_DEPRECATED_OBJC_IMPLEMENTATIONS = YES;
				CLANG_WARN_DIRECT_OBJC_ISA_USAGE = YES_ERROR;
				CLANG_WARN_DOCUMENTATION_COMMENTS = YES;
				CLANG_WARN_EMPTY_BODY = YES;
				CLANG_WARN_ENUM_CONVERSION = YES;
				CLANG_WARN_INFINITE_RECURSION = YES;
				CLANG_WARN_INT_CONVERSION = YES;
				CLANG_WARN_NON_LITERAL_NULL_CONVERSION = YES;
				CLANG_WARN_OBJC_IMPLICIT_RETAIN_SELF = YES;
				CLANG_WARN_OBJC_LITERAL_CONVERSION = YES;
				CLANG_WARN_OBJC_ROOT_CLASS = YES_ERROR;
				CLANG_WARN_QUOTED_INCLUDE_IN_FRAMEWORK_HEADER = YES;
				CLANG_WARN_RANGE_LOOP_ANALYSIS = YES;
				CLANG_WARN_STRICT_PROTOTYPES = YES;
				CLANG_WARN_SUSPICIOUS_MOVE = YES;
				CLANG_WARN_UNGUARDED_AVAILABILITY = YES_AGGRESSIVE;
				CLANG_WARN_UNREACHABLE_CODE = YES;
				CLANG_WARN__DUPLICATE_METHOD_MATCH = YES;
				COPY_PHASE_STRIP = NO;
				DEBUG_INFORMATION_FORMAT = "dwarf-with-dsym";
				ENABLE_NS_ASSERTIONS = NO;
				ENABLE_STRICT_OBJC_MSGSEND = YES;
				GCC_C_LANGUAGE_STANDARD = gnu11;
				GCC_NO_COMMON_BLOCKS = YES;
				GCC_WARN_64_TO_32_BIT_CONVERSION = YES;
				GCC_WARN_ABOUT_RETURN_TYPE = YES_ERROR;
				GCC_WARN_UNDECLARED_SELECTOR = YES;
				GCC_WARN_UNINITIALIZED_AUTOS = YES_AGGRESSIVE;
				GCC_WARN_UNUSED_FUNCTION = YES;
				GCC_WARN_UNUSED_VARIABLE = YES;
				IPHONEOS_DEPLOYMENT_TARGET = 15.4;
				MTL_ENABLE_DEBUG_INFO = NO;
				MTL_FAST_MATH = YES;
				SDKROOT = iphoneos;
				SWIFT_COMPILATION_MODE = wholemodule;
				SWIFT_OPTIMIZATION_LEVEL = "-O";
				VALIDATE_PRODUCT = YES;
			};
			name = Release;
		};
		95BB62FD280541A5009170CE /* Debug */ = {
			isa = XCBuildConfiguration;
			baseConfigurationReference = BB9FE228FA9F564CAF7C2FD0 /* Pods-MockApp-SwipeTodo-CategoryTodo.debug.xcconfig */;
			buildSettings = {
				ASSETCATALOG_COMPILER_APPICON_NAME = AppIcon;
				ASSETCATALOG_COMPILER_GLOBAL_ACCENT_COLOR_NAME = AccentColor;
				CODE_SIGN_STYLE = Automatic;
				CURRENT_PROJECT_VERSION = 1;
				DEVELOPMENT_TEAM = 7X9S244452;
				GENERATE_INFOPLIST_FILE = YES;
				INFOPLIST_FILE = "MockApp-SwipeTodo-CategoryTodo/Info.plist";
				INFOPLIST_KEY_UIApplicationSupportsIndirectInputEvents = YES;
				INFOPLIST_KEY_UILaunchStoryboardName = LaunchScreen;
				INFOPLIST_KEY_UIMainStoryboardFile = Main;
				INFOPLIST_KEY_UISupportedInterfaceOrientations_iPad = "UIInterfaceOrientationPortrait UIInterfaceOrientationPortraitUpsideDown UIInterfaceOrientationLandscapeLeft UIInterfaceOrientationLandscapeRight";
				INFOPLIST_KEY_UISupportedInterfaceOrientations_iPhone = "UIInterfaceOrientationPortrait UIInterfaceOrientationLandscapeLeft UIInterfaceOrientationLandscapeRight";
				LD_RUNPATH_SEARCH_PATHS = (
					"$(inherited)",
					"@executable_path/Frameworks",
				);
				MARKETING_VERSION = 1.0;
				PRODUCT_BUNDLE_IDENTIFIER = "com.mkondo.MockApp-SwipeTodo-CategoryTodo";
				PRODUCT_NAME = "$(TARGET_NAME)";
				SWIFT_EMIT_LOC_STRINGS = YES;
				SWIFT_VERSION = 5.0;
				TARGETED_DEVICE_FAMILY = "1,2";
			};
			name = Debug;
		};
		95BB62FE280541A5009170CE /* Release */ = {
			isa = XCBuildConfiguration;
			baseConfigurationReference = C690C5C93353C17B354AE023 /* Pods-MockApp-SwipeTodo-CategoryTodo.release.xcconfig */;
			buildSettings = {
				ASSETCATALOG_COMPILER_APPICON_NAME = AppIcon;
				ASSETCATALOG_COMPILER_GLOBAL_ACCENT_COLOR_NAME = AccentColor;
				CODE_SIGN_STYLE = Automatic;
				CURRENT_PROJECT_VERSION = 1;
				DEVELOPMENT_TEAM = 7X9S244452;
				GENERATE_INFOPLIST_FILE = YES;
				INFOPLIST_FILE = "MockApp-SwipeTodo-CategoryTodo/Info.plist";
				INFOPLIST_KEY_UIApplicationSupportsIndirectInputEvents = YES;
				INFOPLIST_KEY_UILaunchStoryboardName = LaunchScreen;
				INFOPLIST_KEY_UIMainStoryboardFile = Main;
				INFOPLIST_KEY_UISupportedInterfaceOrientations_iPad = "UIInterfaceOrientationPortrait UIInterfaceOrientationPortraitUpsideDown UIInterfaceOrientationLandscapeLeft UIInterfaceOrientationLandscapeRight";
				INFOPLIST_KEY_UISupportedInterfaceOrientations_iPhone = "UIInterfaceOrientationPortrait UIInterfaceOrientationLandscapeLeft UIInterfaceOrientationLandscapeRight";
				LD_RUNPATH_SEARCH_PATHS = (
					"$(inherited)",
					"@executable_path/Frameworks",
				);
				MARKETING_VERSION = 1.0;
				PRODUCT_BUNDLE_IDENTIFIER = "com.mkondo.MockApp-SwipeTodo-CategoryTodo";
				PRODUCT_NAME = "$(TARGET_NAME)";
				SWIFT_EMIT_LOC_STRINGS = YES;
				SWIFT_VERSION = 5.0;
				TARGETED_DEVICE_FAMILY = "1,2";
			};
			name = Release;
		};
/* End XCBuildConfiguration section */

/* Begin XCConfigurationList section */
		95BB62E3280541A4009170CE /* Build configuration list for PBXProject "MockApp-SwipeTodo-CategoryTodo" */ = {
			isa = XCConfigurationList;
			buildConfigurations = (
				95BB62FA280541A5009170CE /* Debug */,
				95BB62FB280541A5009170CE /* Release */,
			);
			defaultConfigurationIsVisible = 0;
			defaultConfigurationName = Release;
		};
		95BB62FC280541A5009170CE /* Build configuration list for PBXNativeTarget "MockApp-SwipeTodo-CategoryTodo" */ = {
			isa = XCConfigurationList;
			buildConfigurations = (
				95BB62FD280541A5009170CE /* Debug */,
				95BB62FE280541A5009170CE /* Release */,
			);
			defaultConfigurationIsVisible = 0;
			defaultConfigurationName = Release;
		};
/* End XCConfigurationList section */
	};
	rootObject = 95BB62E0280541A4009170CE /* Project object */;
}
